// !$*UTF8*$!
{
	archiveVersion = 1;
	classes = {
	};
	objectVersion = 56;
	objects = {

/* Begin PBXBuildFile section */
		1879E5AD29B18B5400BCF1E5 /* EnsemblesManager.swift in Sources */ = {isa = PBXBuildFile; fileRef = 1879E5AC29B18B5400BCF1E5 /* EnsemblesManager.swift */; };
		18BEDD5329AF4A050093D1E7 /* AppDelegate.swift in Sources */ = {isa = PBXBuildFile; fileRef = 18BEDD5229AF4A050093D1E7 /* AppDelegate.swift */; };
		18BEDD5529AF4A050093D1E7 /* SceneDelegate.swift in Sources */ = {isa = PBXBuildFile; fileRef = 18BEDD5429AF4A050093D1E7 /* SceneDelegate.swift */; };
		18BEDD5729AF4A050093D1E7 /* ViewController.swift in Sources */ = {isa = PBXBuildFile; fileRef = 18BEDD5629AF4A050093D1E7 /* ViewController.swift */; };
		18BEDD5D29AF4A050093D1E7 /* EnsemblesTest.xcdatamodeld in Sources */ = {isa = PBXBuildFile; fileRef = 18BEDD5B29AF4A050093D1E7 /* EnsemblesTest.xcdatamodeld */; };
		18BEDD5F29AF4A0A0093D1E7 /* Assets.xcassets in Resources */ = {isa = PBXBuildFile; fileRef = 18BEDD5E29AF4A0A0093D1E7 /* Assets.xcassets */; };
		18BEDD6229AF4A0A0093D1E7 /* LaunchScreen.storyboard in Resources */ = {isa = PBXBuildFile; fileRef = 18BEDD6029AF4A0A0093D1E7 /* LaunchScreen.storyboard */; };
		18BEDD7329AF4E5C0093D1E7 /* Ensembles.xcframework in Frameworks */ = {isa = PBXBuildFile; fileRef = 18BEDD7229AF4E5C0093D1E7 /* Ensembles.xcframework */; };
		18BEDD7429AF4E5C0093D1E7 /* Ensembles.xcframework in Embed Frameworks */ = {isa = PBXBuildFile; fileRef = 18BEDD7229AF4E5C0093D1E7 /* Ensembles.xcframework */; settings = {ATTRIBUTES = (CodeSignOnCopy, RemoveHeadersOnCopy, ); }; };
		18BEDD7A29AF54DA0093D1E7 /* Main.storyboard in Resources */ = {isa = PBXBuildFile; fileRef = 18BEDD5829AF4A050093D1E7 /* Main.storyboard */; };
		213F84ACDD4A006E06D767F5 /* Pods_EnsemblesTest.framework in Frameworks */ = {isa = PBXBuildFile; fileRef = E389700F17D86BFD58B782DA /* Pods_EnsemblesTest.framework */; };
/* End PBXBuildFile section */

/* Begin PBXCopyFilesBuildPhase section */
		18BEDD7529AF4E5C0093D1E7 /* Embed Frameworks */ = {
			isa = PBXCopyFilesBuildPhase;
			buildActionMask = 2147483647;
			dstPath = "";
			dstSubfolderSpec = 10;
			files = (
				18BEDD7429AF4E5C0093D1E7 /* Ensembles.xcframework in Embed Frameworks */,
			);
			name = "Embed Frameworks";
			runOnlyForDeploymentPostprocessing = 0;
		};
/* End PBXCopyFilesBuildPhase section */

/* Begin PBXFileReference section */
		1879E59A29B0A47600BCF1E5 /* EnsemblesTest-Bridging-Header.h */ = {isa = PBXFileReference; lastKnownFileType = sourcecode.c.h; path = "EnsemblesTest-Bridging-Header.h"; sourceTree = "<group>"; };
		1879E5A129B0A5E900BCF1E5 /* ZipArchive.xcframework */ = {isa = PBXFileReference; lastKnownFileType = wrapper.xcframework; name = ZipArchive.xcframework; path = "../../../Library/Containers/com.tencent.xinWeChat/Data/Library/Application Support/com.tencent.xinWeChat/2.0b4.0.9/ac3a99a45f7566186bb4906420192e54/Message/MessageTemp/a8ac49d04fcff6e5c0baf234ed1a84d2/File/EnsemblesSample/EnsemblesSample/ZipArchive.xcframework"; sourceTree = "<group>"; };
		1879E5AC29B18B5400BCF1E5 /* EnsemblesManager.swift */ = {isa = PBXFileReference; fileEncoding = 4; lastKnownFileType = sourcecode.swift; path = EnsemblesManager.swift; sourceTree = "<group>"; };
		18BEDD4F29AF4A050093D1E7 /* EnsemblesTest.app */ = {isa = PBXFileReference; explicitFileType = wrapper.application; includeInIndex = 0; path = EnsemblesTest.app; sourceTree = BUILT_PRODUCTS_DIR; };
		18BEDD5229AF4A050093D1E7 /* AppDelegate.swift */ = {isa = PBXFileReference; lastKnownFileType = sourcecode.swift; path = AppDelegate.swift; sourceTree = "<group>"; };
		18BEDD5429AF4A050093D1E7 /* SceneDelegate.swift */ = {isa = PBXFileReference; lastKnownFileType = sourcecode.swift; path = SceneDelegate.swift; sourceTree = "<group>"; };
		18BEDD5629AF4A050093D1E7 /* ViewController.swift */ = {isa = PBXFileReference; lastKnownFileType = sourcecode.swift; path = ViewController.swift; sourceTree = "<group>"; };
		18BEDD5929AF4A050093D1E7 /* Base */ = {isa = PBXFileReference; lastKnownFileType = file.storyboard; name = Base; path = Base.lproj/Main.storyboard; sourceTree = "<group>"; };
		18BEDD5C29AF4A050093D1E7 /* EnsemblesTest.xcdatamodel */ = {isa = PBXFileReference; lastKnownFileType = wrapper.xcdatamodel; path = EnsemblesTest.xcdatamodel; sourceTree = "<group>"; };
		18BEDD5E29AF4A0A0093D1E7 /* Assets.xcassets */ = {isa = PBXFileReference; lastKnownFileType = folder.assetcatalog; path = Assets.xcassets; sourceTree = "<group>"; };
		18BEDD6129AF4A0A0093D1E7 /* Base */ = {isa = PBXFileReference; lastKnownFileType = file.storyboard; name = Base; path = Base.lproj/LaunchScreen.storyboard; sourceTree = "<group>"; };
		18BEDD6329AF4A0A0093D1E7 /* Info.plist */ = {isa = PBXFileReference; lastKnownFileType = text.plist.xml; path = Info.plist; sourceTree = "<group>"; };
		18BEDD6929AF4A5D0093D1E7 /* EnsemblesTest.entitlements */ = {isa = PBXFileReference; lastKnownFileType = text.plist.entitlements; path = EnsemblesTest.entitlements; sourceTree = "<group>"; };
		18BEDD7229AF4E5C0093D1E7 /* Ensembles.xcframework */ = {isa = PBXFileReference; lastKnownFileType = wrapper.xcframework; name = Ensembles.xcframework; path = "../../../Desktop/Ensembles Priority Support/Ensembles 2.10/Binaries/Ensembles.xcframework"; sourceTree = "<group>"; };
		61C32B1369F868998D8496F1 /* Pods-EnsemblesTest.release.xcconfig */ = {isa = PBXFileReference; includeInIndex = 1; lastKnownFileType = text.xcconfig; name = "Pods-EnsemblesTest.release.xcconfig"; path = "Target Support Files/Pods-EnsemblesTest/Pods-EnsemblesTest.release.xcconfig"; sourceTree = "<group>"; };
		942AFB6176804AC1C84A7CA9 /* Pods-EnsemblesTest.debug.xcconfig */ = {isa = PBXFileReference; includeInIndex = 1; lastKnownFileType = text.xcconfig; name = "Pods-EnsemblesTest.debug.xcconfig"; path = "Target Support Files/Pods-EnsemblesTest/Pods-EnsemblesTest.debug.xcconfig"; sourceTree = "<group>"; };
		E389700F17D86BFD58B782DA /* Pods_EnsemblesTest.framework */ = {isa = PBXFileReference; explicitFileType = wrapper.framework; includeInIndex = 0; path = Pods_EnsemblesTest.framework; sourceTree = BUILT_PRODUCTS_DIR; };
/* End PBXFileReference section */

/* Begin PBXFrameworksBuildPhase section */
		18BEDD4C29AF4A050093D1E7 /* Frameworks */ = {
			isa = PBXFrameworksBuildPhase;
			buildActionMask = 2147483647;
			files = (
				18BEDD7329AF4E5C0093D1E7 /* Ensembles.xcframework in Frameworks */,
				213F84ACDD4A006E06D767F5 /* Pods_EnsemblesTest.framework in Frameworks */,
			);
			runOnlyForDeploymentPostprocessing = 0;
		};
/* End PBXFrameworksBuildPhase section */

/* Begin PBXGroup section */
		18BEDD4629AF4A050093D1E7 = {
			isa = PBXGroup;
			children = (
				18BEDD5129AF4A050093D1E7 /* EnsemblesTest */,
				18BEDD5029AF4A050093D1E7 /* Products */,
				79B1F3E170876E011789C801 /* Pods */,
				8B683EC19CDC7633B2683B61 /* Frameworks */,
			);
			sourceTree = "<group>";
		};
		18BEDD5029AF4A050093D1E7 /* Products */ = {
			isa = PBXGroup;
			children = (
				18BEDD4F29AF4A050093D1E7 /* EnsemblesTest.app */,
			);
			name = Products;
			sourceTree = "<group>";
		};
		18BEDD5129AF4A050093D1E7 /* EnsemblesTest */ = {
			isa = PBXGroup;
			children = (
				18BEDD6929AF4A5D0093D1E7 /* EnsemblesTest.entitlements */,
				18BEDD5229AF4A050093D1E7 /* AppDelegate.swift */,
				18BEDD5429AF4A050093D1E7 /* SceneDelegate.swift */,
				18BEDD5629AF4A050093D1E7 /* ViewController.swift */,
				18BEDD5829AF4A050093D1E7 /* Main.storyboard */,
				18BEDD5E29AF4A0A0093D1E7 /* Assets.xcassets */,
				18BEDD6029AF4A0A0093D1E7 /* LaunchScreen.storyboard */,
				18BEDD6329AF4A0A0093D1E7 /* Info.plist */,
				18BEDD5B29AF4A050093D1E7 /* EnsemblesTest.xcdatamodeld */,
				1879E59A29B0A47600BCF1E5 /* EnsemblesTest-Bridging-Header.h */,
				1879E5AC29B18B5400BCF1E5 /* EnsemblesManager.swift */,
			);
			path = EnsemblesTest;
			sourceTree = "<group>";
		};
		79B1F3E170876E011789C801 /* Pods */ = {
			isa = PBXGroup;
			children = (
				942AFB6176804AC1C84A7CA9 /* Pods-EnsemblesTest.debug.xcconfig */,
				61C32B1369F868998D8496F1 /* Pods-EnsemblesTest.release.xcconfig */,
			);
			path = Pods;
			sourceTree = "<group>";
		};
		8B683EC19CDC7633B2683B61 /* Frameworks */ = {
			isa = PBXGroup;
			children = (
				1879E5A129B0A5E900BCF1E5 /* ZipArchive.xcframework */,
				18BEDD7229AF4E5C0093D1E7 /* Ensembles.xcframework */,
				E389700F17D86BFD58B782DA /* Pods_EnsemblesTest.framework */,
			);
			name = Frameworks;
			sourceTree = "<group>";
		};
/* End PBXGroup section */

/* Begin PBXNativeTarget section */
		18BEDD4E29AF4A050093D1E7 /* EnsemblesTest */ = {
			isa = PBXNativeTarget;
			buildConfigurationList = 18BEDD6629AF4A0A0093D1E7 /* Build configuration list for PBXNativeTarget "EnsemblesTest" */;
			buildPhases = (
				6F381DFB94E2E4204F6DE02A /* [CP] Check Pods Manifest.lock */,
				18BEDD4B29AF4A050093D1E7 /* Sources */,
				18BEDD4C29AF4A050093D1E7 /* Frameworks */,
				18BEDD4D29AF4A050093D1E7 /* Resources */,
				B36205477CCA7610B62C1C50 /* [CP] Embed Pods Frameworks */,
				18BEDD7529AF4E5C0093D1E7 /* Embed Frameworks */,
			);
			buildRules = (
			);
			dependencies = (
			);
			name = EnsemblesTest;
			productName = EnsemblesTest;
			productReference = 18BEDD4F29AF4A050093D1E7 /* EnsemblesTest.app */;
			productType = "com.apple.product-type.application";
		};
/* End PBXNativeTarget section */

/* Begin PBXProject section */
		18BEDD4729AF4A050093D1E7 /* Project object */ = {
			isa = PBXProject;
			attributes = {
				BuildIndependentTargetsInParallel = 1;
				LastSwiftUpdateCheck = 1420;
				LastUpgradeCheck = 1420;
				TargetAttributes = {
					18BEDD4E29AF4A050093D1E7 = {
						CreatedOnToolsVersion = 14.2;
						LastSwiftMigration = 1420;
					};
				};
			};
			buildConfigurationList = 18BEDD4A29AF4A050093D1E7 /* Build configuration list for PBXProject "EnsemblesTest" */;
			compatibilityVersion = "Xcode 14.0";
			developmentRegion = en;
			hasScannedForEncodings = 0;
			knownRegions = (
				en,
				Base,
			);
			mainGroup = 18BEDD4629AF4A050093D1E7;
			productRefGroup = 18BEDD5029AF4A050093D1E7 /* Products */;
			projectDirPath = "";
			projectRoot = "";
			targets = (
				18BEDD4E29AF4A050093D1E7 /* EnsemblesTest */,
			);
		};
/* End PBXProject section */

/* Begin PBXResourcesBuildPhase section */
		18BEDD4D29AF4A050093D1E7 /* Resources */ = {
			isa = PBXResourcesBuildPhase;
			buildActionMask = 2147483647;
			files = (
				18BEDD7A29AF54DA0093D1E7 /* Main.storyboard in Resources */,
				18BEDD6229AF4A0A0093D1E7 /* LaunchScreen.storyboard in Resources */,
				18BEDD5F29AF4A0A0093D1E7 /* Assets.xcassets in Resources */,
			);
			runOnlyForDeploymentPostprocessing = 0;
		};
/* End PBXResourcesBuildPhase section */

/* Begin PBXShellScriptBuildPhase section */
		6F381DFB94E2E4204F6DE02A /* [CP] Check Pods Manifest.lock */ = {
			isa = PBXShellScriptBuildPhase;
			buildActionMask = 2147483647;
			files = (
			);
			inputFileListPaths = (
			);
			inputPaths = (
				"${PODS_PODFILE_DIR_PATH}/Podfile.lock",
				"${PODS_ROOT}/Manifest.lock",
			);
			name = "[CP] Check Pods Manifest.lock";
			outputFileListPaths = (
			);
			outputPaths = (
				"$(DERIVED_FILE_DIR)/Pods-EnsemblesTest-checkManifestLockResult.txt",
			);
			runOnlyForDeploymentPostprocessing = 0;
			shellPath = /bin/sh;
			shellScript = "diff \"${PODS_PODFILE_DIR_PATH}/Podfile.lock\" \"${PODS_ROOT}/Manifest.lock\" > /dev/null\nif [ $? != 0 ] ; then\n    # print error to STDERR\n    echo \"error: The sandbox is not in sync with the Podfile.lock. Run 'pod install' or update your CocoaPods installation.\" >&2\n    exit 1\nfi\n# This output is used by Xcode 'outputs' to avoid re-running this script phase.\necho \"SUCCESS\" > \"${SCRIPT_OUTPUT_FILE_0}\"\n";
			showEnvVarsInLog = 0;
		};
		B36205477CCA7610B62C1C50 /* [CP] Embed Pods Frameworks */ = {
			isa = PBXShellScriptBuildPhase;
			buildActionMask = 2147483647;
			files = (
			);
			inputFileListPaths = (
				"${PODS_ROOT}/Target Support Files/Pods-EnsemblesTest/Pods-EnsemblesTest-frameworks-${CONFIGURATION}-input-files.xcfilelist",
			);
			name = "[CP] Embed Pods Frameworks";
			outputFileListPaths = (
				"${PODS_ROOT}/Target Support Files/Pods-EnsemblesTest/Pods-EnsemblesTest-frameworks-${CONFIGURATION}-output-files.xcfilelist",
			);
			runOnlyForDeploymentPostprocessing = 0;
			shellPath = /bin/sh;
			shellScript = "\"${PODS_ROOT}/Target Support Files/Pods-EnsemblesTest/Pods-EnsemblesTest-frameworks.sh\"\n";
			showEnvVarsInLog = 0;
		};
/* End PBXShellScriptBuildPhase section */

/* Begin PBXSourcesBuildPhase section */
		18BEDD4B29AF4A050093D1E7 /* Sources */ = {
			isa = PBXSourcesBuildPhase;
			buildActionMask = 2147483647;
			files = (
				18BEDD5D29AF4A050093D1E7 /* EnsemblesTest.xcdatamodeld in Sources */,
				1879E5AD29B18B5400BCF1E5 /* EnsemblesManager.swift in Sources */,
				18BEDD5729AF4A050093D1E7 /* ViewController.swift in Sources */,
				18BEDD5329AF4A050093D1E7 /* AppDelegate.swift in Sources */,
				18BEDD5529AF4A050093D1E7 /* SceneDelegate.swift in Sources */,
			);
			runOnlyForDeploymentPostprocessing = 0;
		};
/* End PBXSourcesBuildPhase section */

/* Begin PBXVariantGroup section */
		18BEDD5829AF4A050093D1E7 /* Main.storyboard */ = {
			isa = PBXVariantGroup;
			children = (
				18BEDD5929AF4A050093D1E7 /* Base */,
			);
			name = Main.storyboard;
			sourceTree = "<group>";
		};
		18BEDD6029AF4A0A0093D1E7 /* LaunchScreen.storyboard */ = {
			isa = PBXVariantGroup;
			children = (
				18BEDD6129AF4A0A0093D1E7 /* Base */,
			);
			name = LaunchScreen.storyboard;
			sourceTree = "<group>";
		};
/* End PBXVariantGroup section */

/* Begin XCBuildConfiguration section */
		18BEDD6429AF4A0A0093D1E7 /* Debug */ = {
			isa = XCBuildConfiguration;
			buildSettings = {
				ALWAYS_SEARCH_USER_PATHS = NO;
				CLANG_ANALYZER_NONNULL = YES;
				CLANG_ANALYZER_NUMBER_OBJECT_CONVERSION = YES_AGGRESSIVE;
				CLANG_CXX_LANGUAGE_STANDARD = "gnu++20";
				CLANG_ENABLE_MODULES = YES;
				CLANG_ENABLE_OBJC_ARC = YES;
				CLANG_ENABLE_OBJC_WEAK = YES;
				CLANG_WARN_BLOCK_CAPTURE_AUTORELEASING = YES;
				CLANG_WARN_BOOL_CONVERSION = YES;
				CLANG_WARN_COMMA = YES;
				CLANG_WARN_CONSTANT_CONVERSION = YES;
				CLANG_WARN_DEPRECATED_OBJC_IMPLEMENTATIONS = YES;
				CLANG_WARN_DIRECT_OBJC_ISA_USAGE = YES_ERROR;
				CLANG_WARN_DOCUMENTATION_COMMENTS = YES;
				CLANG_WARN_EMPTY_BODY = YES;
				CLANG_WARN_ENUM_CONVERSION = YES;
				CLANG_WARN_INFINITE_RECURSION = YES;
				CLANG_WARN_INT_CONVERSION = YES;
				CLANG_WARN_NON_LITERAL_NULL_CONVERSION = YES;
				CLANG_WARN_OBJC_IMPLICIT_RETAIN_SELF = YES;
				CLANG_WARN_OBJC_LITERAL_CONVERSION = YES;
				CLANG_WARN_OBJC_ROOT_CLASS = YES_ERROR;
				CLANG_WARN_QUOTED_INCLUDE_IN_FRAMEWORK_HEADER = YES;
				CLANG_WARN_RANGE_LOOP_ANALYSIS = YES;
				CLANG_WARN_STRICT_PROTOTYPES = YES;
				CLANG_WARN_SUSPICIOUS_MOVE = YES;
				CLANG_WARN_UNGUARDED_AVAILABILITY = YES_AGGRESSIVE;
				CLANG_WARN_UNREACHABLE_CODE = YES;
				CLANG_WARN__DUPLICATE_METHOD_MATCH = YES;
				COPY_PHASE_STRIP = NO;
				DEBUG_INFORMATION_FORMAT = dwarf;
				ENABLE_STRICT_OBJC_MSGSEND = YES;
				ENABLE_TESTABILITY = YES;
				GCC_C_LANGUAGE_STANDARD = gnu11;
				GCC_DYNAMIC_NO_PIC = NO;
				GCC_NO_COMMON_BLOCKS = YES;
				GCC_OPTIMIZATION_LEVEL = 0;
				GCC_PREPROCESSOR_DEFINITIONS = (
					"DEBUG=1",
					"$(inherited)",
				);
				GCC_WARN_64_TO_32_BIT_CONVERSION = YES;
				GCC_WARN_ABOUT_RETURN_TYPE = YES_ERROR;
				GCC_WARN_UNDECLARED_SELECTOR = YES;
				GCC_WARN_UNINITIALIZED_AUTOS = YES_AGGRESSIVE;
				GCC_WARN_UNUSED_FUNCTION = YES;
				GCC_WARN_UNUSED_VARIABLE = YES;
				IPHONEOS_DEPLOYMENT_TARGET = 16.2;
				MTL_ENABLE_DEBUG_INFO = INCLUDE_SOURCE;
				MTL_FAST_MATH = YES;
				ONLY_ACTIVE_ARCH = YES;
				SDKROOT = iphoneos;
				SWIFT_ACTIVE_COMPILATION_CONDITIONS = DEBUG;
				SWIFT_OPTIMIZATION_LEVEL = "-Onone";
			};
			name = Debug;
		};
		18BEDD6529AF4A0A0093D1E7 /* Release */ = {
			isa = XCBuildConfiguration;
			buildSettings = {
				ALWAYS_SEARCH_USER_PATHS = NO;
				CLANG_ANALYZER_NONNULL = YES;
				CLANG_ANALYZER_NUMBER_OBJECT_CONVERSION = YES_AGGRESSIVE;
				CLANG_CXX_LANGUAGE_STANDARD = "gnu++20";
				CLANG_ENABLE_MODULES = YES;
				CLANG_ENABLE_OBJC_ARC = YES;
				CLANG_ENABLE_OBJC_WEAK = YES;
				CLANG_WARN_BLOCK_CAPTURE_AUTORELEASING = YES;
				CLANG_WARN_BOOL_CONVERSION = YES;
				CLANG_WARN_COMMA = YES;
				CLANG_WARN_CONSTANT_CONVERSION = YES;
				CLANG_WARN_DEPRECATED_OBJC_IMPLEMENTATIONS = YES;
				CLANG_WARN_DIRECT_OBJC_ISA_USAGE = YES_ERROR;
				CLANG_WARN_DOCUMENTATION_COMMENTS = YES;
				CLANG_WARN_EMPTY_BODY = YES;
				CLANG_WARN_ENUM_CONVERSION = YES;
				CLANG_WARN_INFINITE_RECURSION = YES;
				CLANG_WARN_INT_CONVERSION = YES;
				CLANG_WARN_NON_LITERAL_NULL_CONVERSION = YES;
				CLANG_WARN_OBJC_IMPLICIT_RETAIN_SELF = YES;
				CLANG_WARN_OBJC_LITERAL_CONVERSION = YES;
				CLANG_WARN_OBJC_ROOT_CLASS = YES_ERROR;
				CLANG_WARN_QUOTED_INCLUDE_IN_FRAMEWORK_HEADER = YES;
				CLANG_WARN_RANGE_LOOP_ANALYSIS = YES;
				CLANG_WARN_STRICT_PROTOTYPES = YES;
				CLANG_WARN_SUSPICIOUS_MOVE = YES;
				CLANG_WARN_UNGUARDED_AVAILABILITY = YES_AGGRESSIVE;
				CLANG_WARN_UNREACHABLE_CODE = YES;
				CLANG_WARN__DUPLICATE_METHOD_MATCH = YES;
				COPY_PHASE_STRIP = NO;
				DEBUG_INFORMATION_FORMAT = "dwarf-with-dsym";
				ENABLE_NS_ASSERTIONS = NO;
				ENABLE_STRICT_OBJC_MSGSEND = YES;
				GCC_C_LANGUAGE_STANDARD = gnu11;
				GCC_NO_COMMON_BLOCKS = YES;
				GCC_WARN_64_TO_32_BIT_CONVERSION = YES;
				GCC_WARN_ABOUT_RETURN_TYPE = YES_ERROR;
				GCC_WARN_UNDECLARED_SELECTOR = YES;
				GCC_WARN_UNINITIALIZED_AUTOS = YES_AGGRESSIVE;
				GCC_WARN_UNUSED_FUNCTION = YES;
				GCC_WARN_UNUSED_VARIABLE = YES;
				IPHONEOS_DEPLOYMENT_TARGET = 16.2;
				MTL_ENABLE_DEBUG_INFO = NO;
				MTL_FAST_MATH = YES;
				SDKROOT = iphoneos;
				SWIFT_COMPILATION_MODE = wholemodule;
				SWIFT_OPTIMIZATION_LEVEL = "-O";
				VALIDATE_PRODUCT = YES;
			};
			name = Release;
		};
		18BEDD6729AF4A0A0093D1E7 /* Debug */ = {
			isa = XCBuildConfiguration;
			baseConfigurationReference = 942AFB6176804AC1C84A7CA9 /* Pods-EnsemblesTest.debug.xcconfig */;
			buildSettings = {
				ASSETCATALOG_COMPILER_APPICON_NAME = AppIcon;
				ASSETCATALOG_COMPILER_GLOBAL_ACCENT_COLOR_NAME = AccentColor;
				CLANG_ENABLE_MODULES = YES;
				CODE_SIGN_ENTITLEMENTS = EnsemblesTest/EnsemblesTest.entitlements;
				CODE_SIGN_STYLE = Automatic;
				CURRENT_PROJECT_VERSION = 1;
				DEVELOPMENT_TEAM = 98F99FS382;
				GENERATE_INFOPLIST_FILE = YES;
				INFOPLIST_FILE = EnsemblesTest/Info.plist;
				INFOPLIST_KEY_UIApplicationSupportsIndirectInputEvents = YES;
				INFOPLIST_KEY_UILaunchStoryboardName = LaunchScreen;
				INFOPLIST_KEY_UIMainStoryboardFile = Main;
				INFOPLIST_KEY_UISupportedInterfaceOrientations_iPad = "UIInterfaceOrientationPortrait UIInterfaceOrientationPortraitUpsideDown UIInterfaceOrientationLandscapeLeft UIInterfaceOrientationLandscapeRight";
				INFOPLIST_KEY_UISupportedInterfaceOrientations_iPhone = "UIInterfaceOrientationPortrait UIInterfaceOrientationLandscapeLeft UIInterfaceOrientationLandscapeRight";
				IPHONEOS_DEPLOYMENT_TARGET = 16.0;
				LD_RUNPATH_SEARCH_PATHS = (
					"$(inherited)",
					"@executable_path/Frameworks",
				);
				MARKETING_VERSION = 1.0;
				PRODUCT_BUNDLE_IDENTIFIER = EnsemblesTest.EnsemblesTest;
				PRODUCT_NAME = "$(TARGET_NAME)";
				SWIFT_EMIT_LOC_STRINGS = YES;
				SWIFT_OBJC_BRIDGING_HEADER = "EnsemblesTest/EnsemblesTest-Bridging-Header.h";
				SWIFT_OPTIMIZATION_LEVEL = "-Onone";
				SWIFT_VERSION = 5.0;
				TARGETED_DEVICE_FAMILY = "1,2";
			};
			name = Debug;
		};
		18BEDD6829AF4A0A0093D1E7 /* Release */ = {
			isa = XCBuildConfiguration;
			baseConfigurationReference = 61C32B1369F868998D8496F1 /* Pods-EnsemblesTest.release.xcconfig */;
			buildSettings = {
				ASSETCATALOG_COMPILER_APPICON_NAME = AppIcon;
				ASSETCATALOG_COMPILER_GLOBAL_ACCENT_COLOR_NAME = AccentColor;
				CLANG_ENABLE_MODULES = YES;
				CODE_SIGN_ENTITLEMENTS = EnsemblesTest/EnsemblesTest.entitlements;
				CODE_SIGN_STYLE = Automatic;
				CURRENT_PROJECT_VERSION = 1;
				DEVELOPMENT_TEAM = 98F99FS382;
				GENERATE_INFOPLIST_FILE = YES;
				INFOPLIST_FILE = EnsemblesTest/Info.plist;
				INFOPLIST_KEY_UIApplicationSupportsIndirectInputEvents = YES;
				INFOPLIST_KEY_UILaunchStoryboardName = LaunchScreen;
				INFOPLIST_KEY_UIMainStoryboardFile = Main;
				INFOPLIST_KEY_UISupportedInterfaceOrientations_iPad = "UIInterfaceOrientationPortrait UIInterfaceOrientationPortraitUpsideDown UIInterfaceOrientationLandscapeLeft UIInterfaceOrientationLandscapeRight";
				INFOPLIST_KEY_UISupportedInterfaceOrientations_iPhone = "UIInterfaceOrientationPortrait UIInterfaceOrientationLandscapeLeft UIInterfaceOrientationLandscapeRight";
				IPHONEOS_DEPLOYMENT_TARGET = 16.0;
				LD_RUNPATH_SEARCH_PATHS = (
					"$(inherited)",
					"@executable_path/Frameworks",
				);
				MARKETING_VERSION = 1.0;
				PRODUCT_BUNDLE_IDENTIFIER = EnsemblesTest.EnsemblesTest;
				PRODUCT_NAME = "$(TARGET_NAME)";
				SWIFT_EMIT_LOC_STRINGS = YES;
				SWIFT_OBJC_BRIDGING_HEADER = "EnsemblesTest/EnsemblesTest-Bridging-Header.h";
				SWIFT_VERSION = 5.0;
				TARGETED_DEVICE_FAMILY = "1,2";
			};
			name = Release;
		};
/* End XCBuildConfiguration section */

/* Begin XCConfigurationList section */
		18BEDD4A29AF4A050093D1E7 /* Build configuration list for PBXProject "EnsemblesTest" */ = {
			isa = XCConfigurationList;
			buildConfigurations = (
				18BEDD6429AF4A0A0093D1E7 /* Debug */,
				18BEDD6529AF4A0A0093D1E7 /* Release */,
			);
			defaultConfigurationIsVisible = 0;
			defaultConfigurationName = Release;
		};
		18BEDD6629AF4A0A0093D1E7 /* Build configuration list for PBXNativeTarget "EnsemblesTest" */ = {
			isa = XCConfigurationList;
			buildConfigurations = (
				18BEDD6729AF4A0A0093D1E7 /* Debug */,
				18BEDD6829AF4A0A0093D1E7 /* Release */,
			);
			defaultConfigurationIsVisible = 0;
			defaultConfigurationName = Release;
		};
/* End XCConfigurationList section */

/* Begin XCVersionGroup section */
		18BEDD5B29AF4A050093D1E7 /* EnsemblesTest.xcdatamodeld */ = {
			isa = XCVersionGroup;
			children = (
				18BEDD5C29AF4A050093D1E7 /* EnsemblesTest.xcdatamodel */,
			);
			currentVersion = 18BEDD5C29AF4A050093D1E7 /* EnsemblesTest.xcdatamodel */;
			path = EnsemblesTest.xcdatamodeld;
			sourceTree = "<group>";
			versionGroupType = wrapper.xcdatamodel;
		};
/* End XCVersionGroup section */
	};
	rootObject = 18BEDD4729AF4A050093D1E7 /* Project object */;
}
